
Microsoft Visual Studio Solution File, Format Version 12.00
# Visual Studio 15
VisualStudioVersion = 15.0.28307.421
MinimumVisualStudioVersion = 10.0.40219.1
Project("{9A19103F-16F7-4668-BE54-9A1E7A4F7556}") = "Laundry", "Laundry\Laundry.csproj", "{32F17741-6D6A-4A3D-B7A8-5E15A42D0610}"
EndProject
Global
	GlobalSection(SolutionConfigurationPlatforms) = preSolution
		Debug|Any CPU = Debug|Any CPU
		Release|Any CPU = Release|Any CPU
	EndGlobalSection
	GlobalSection(ProjectConfigurationPlatforms) = postSolution
		{32F17741-6D6A-4A3D-B7A8-5E15A42D0610}.Debug|Any CPU.ActiveCfg = Debug|Any CPU
		{32F17741-6D6A-4A3D-B7A8-5E15A42D0610}.Debug|Any CPU.Build.0 = Debug|Any CPU
		{32F17741-6D6A-4A3D-B7A8-5E15A42D0610}.Release|Any CPU.ActiveCfg = Release|Any CPU
		{32F17741-6D6A-4A3D-B7A8-5E15A42D0610}.Release|Any CPU.Build.0 = Release|Any CPU
	EndGlobalSection
	GlobalSection(SolutionProperties) = preSolution
		HideSolutionNode = FALSE
	EndGlobalSection
	GlobalSection(ExtensibilityGlobals) = postSolution
		SolutionGuid = {389CABE2-2601-415B-875D-4AF359951D93}
	EndGlobalSection
EndGlobal
